
Microsoft Visual Studio Solution File, Format Version 12.00
# Visual Studio 14
VisualStudioVersion = 14.0.25420.1
MinimumVisualStudioVersion = 10.0.40219.1
Project("{FAE04EC0-301F-11D3-BF4B-00C04F79EFBC}") = "FriendCloud", "FriendCloud\FriendCloud.csproj", "{ED79E429-69E9-43AA-80AF-AAED8389233E}"
EndProject
Project("{FAE04EC0-301F-11D3-BF4B-00C04F79EFBC}") = "ChatHost", "ChatHost\ChatHost.csproj", "{79922B1B-BD33-4208-AD56-23391C565084}"
EndProject
Project("{FAE04EC0-301F-11D3-BF4B-00C04F79EFBC}") = "ClientFriendCloud", "ClientFriendCloud\ClientFriendCloud.csproj", "{D21689A4-415A-4505-B04E-62755BC67655}"
EndProject
Global
	GlobalSection(SolutionConfigurationPlatforms) = preSolution
		Debug|Any CPU = Debug|Any CPU
		Release|Any CPU = Release|Any CPU
	EndGlobalSection
	GlobalSection(ProjectConfigurationPlatforms) = postSolution
		{ED79E429-69E9-43AA-80AF-AAED8389233E}.Debug|Any CPU.ActiveCfg = Debug|Any CPU
		{ED79E429-69E9-43AA-80AF-AAED8389233E}.Debug|Any CPU.Build.0 = Debug|Any CPU
		{ED79E429-69E9-43AA-80AF-AAED8389233E}.Release|Any CPU.ActiveCfg = Release|Any CPU
		{ED79E429-69E9-43AA-80AF-AAED8389233E}.Release|Any CPU.Build.0 = Release|Any CPU
		{79922B1B-BD33-4208-AD56-23391C565084}.Debug|Any CPU.ActiveCfg = Debug|Any CPU
		{79922B1B-BD33-4208-AD56-23391C565084}.Debug|Any CPU.Build.0 = Debug|Any CPU
		{79922B1B-BD33-4208-AD56-23391C565084}.Release|Any CPU.ActiveCfg = Release|Any CPU
		{79922B1B-BD33-4208-AD56-23391C565084}.Release|Any CPU.Build.0 = Release|Any CPU
		{D21689A4-415A-4505-B04E-62755BC67655}.Debug|Any CPU.ActiveCfg = Debug|Any CPU
		{D21689A4-415A-4505-B04E-62755BC67655}.Debug|Any CPU.Build.0 = Debug|Any CPU
		{D21689A4-415A-4505-B04E-62755BC67655}.Release|Any CPU.ActiveCfg = Release|Any CPU
		{D21689A4-415A-4505-B04E-62755BC67655}.Release|Any CPU.Build.0 = Release|Any CPU
	EndGlobalSection
	GlobalSection(SolutionProperties) = preSolution
		HideSolutionNode = FALSE
	EndGlobalSection
EndGlobal
